
Microsoft Visual Studio Solution File, Format Version 12.00
Project("{FAE04EC0-301F-11D3-BF4B-00C04F79EFBC}") = "EvolutionaryAlgorithm", "EvolutionaryAlgorithm\EvolutionaryAlgorithm.csproj", "{6D00950C-C5AF-4B88-95B3-073D734CE412}"
EndProject
Project("{FAE04EC0-301F-11D3-BF4B-00C04F79EFBC}") = "EvolutionaryAlgorithm.Templates", "EvolutionaryAlgorithm.Templates\EvolutionaryAlgorithm.Templates.csproj", "{CF9F6CCD-D3BE-486E-B9C8-627A8AD87CD0}"
EndProject
Project("{FAE04EC0-301F-11D3-BF4B-00C04F79EFBC}") = "EvolutionaryAlgorithm.Core", "EvolutionaryAlgorithm.Core\EvolutionaryAlgorithm.Core.csproj", "{AAAA1DD0-D714-423B-BA67-B35978DCB9C4}"
EndProject
Project("{FAE04EC0-301F-11D3-BF4B-00C04F79EFBC}") = "EvolutionaryAlgorithm.Bit", "EvolutionaryAlgorithm.Bit\EvolutionaryAlgorithm.Bit.csproj", "{7B9236C6-83E2-4C0E-A771-335EC7BF5B85}"
EndProject
Project("{FAE04EC0-301F-11D3-BF4B-00C04F79EFBC}") = "WebApplication", "WebApplication\WebApplication.csproj", "{BE3BA6A3-503E-4E40-A43D-C42AC9D09FFC}"
EndProject
Project("{FAE04EC0-301F-11D3-BF4B-00C04F79EFBC}") = "EvolutionaryAlgorithm.GUI", "EvolutionaryAlgorithm.GUI\EvolutionaryAlgorithm.GUI.csproj", "{DD1D1350-321E-4391-8F34-C61B2EED5C5D}"
EndProject
Global
	GlobalSection(SolutionConfigurationPlatforms) = preSolution
		Debug|Any CPU = Debug|Any CPU
		Release|Any CPU = Release|Any CPU
	EndGlobalSection
	GlobalSection(ProjectConfigurationPlatforms) = postSolution
		{6D00950C-C5AF-4B88-95B3-073D734CE412}.Debug|Any CPU.ActiveCfg = Debug|Any CPU
		{6D00950C-C5AF-4B88-95B3-073D734CE412}.Debug|Any CPU.Build.0 = Debug|Any CPU
		{6D00950C-C5AF-4B88-95B3-073D734CE412}.Release|Any CPU.ActiveCfg = Release|Any CPU
		{6D00950C-C5AF-4B88-95B3-073D734CE412}.Release|Any CPU.Build.0 = Release|Any CPU
		{CF9F6CCD-D3BE-486E-B9C8-627A8AD87CD0}.Debug|Any CPU.ActiveCfg = Debug|Any CPU
		{CF9F6CCD-D3BE-486E-B9C8-627A8AD87CD0}.Debug|Any CPU.Build.0 = Debug|Any CPU
		{CF9F6CCD-D3BE-486E-B9C8-627A8AD87CD0}.Release|Any CPU.ActiveCfg = Release|Any CPU
		{CF9F6CCD-D3BE-486E-B9C8-627A8AD87CD0}.Release|Any CPU.Build.0 = Release|Any CPU
		{AAAA1DD0-D714-423B-BA67-B35978DCB9C4}.Debug|Any CPU.ActiveCfg = Debug|Any CPU
		{AAAA1DD0-D714-423B-BA67-B35978DCB9C4}.Debug|Any CPU.Build.0 = Debug|Any CPU
		{AAAA1DD0-D714-423B-BA67-B35978DCB9C4}.Release|Any CPU.ActiveCfg = Release|Any CPU
		{AAAA1DD0-D714-423B-BA67-B35978DCB9C4}.Release|Any CPU.Build.0 = Release|Any CPU
		{7B9236C6-83E2-4C0E-A771-335EC7BF5B85}.Debug|Any CPU.ActiveCfg = Debug|Any CPU
		{7B9236C6-83E2-4C0E-A771-335EC7BF5B85}.Debug|Any CPU.Build.0 = Debug|Any CPU
		{7B9236C6-83E2-4C0E-A771-335EC7BF5B85}.Release|Any CPU.ActiveCfg = Release|Any CPU
		{7B9236C6-83E2-4C0E-A771-335EC7BF5B85}.Release|Any CPU.Build.0 = Release|Any CPU
		{BE3BA6A3-503E-4E40-A43D-C42AC9D09FFC}.Debug|Any CPU.ActiveCfg = Debug|Any CPU
		{BE3BA6A3-503E-4E40-A43D-C42AC9D09FFC}.Debug|Any CPU.Build.0 = Debug|Any CPU
		{BE3BA6A3-503E-4E40-A43D-C42AC9D09FFC}.Release|Any CPU.ActiveCfg = Release|Any CPU
		{BE3BA6A3-503E-4E40-A43D-C42AC9D09FFC}.Release|Any CPU.Build.0 = Release|Any CPU
		{DD1D1350-321E-4391-8F34-C61B2EED5C5D}.Debug|Any CPU.ActiveCfg = Debug|Any CPU
		{DD1D1350-321E-4391-8F34-C61B2EED5C5D}.Debug|Any CPU.Build.0 = Debug|Any CPU
		{DD1D1350-321E-4391-8F34-C61B2EED5C5D}.Release|Any CPU.ActiveCfg = Release|Any CPU
		{DD1D1350-321E-4391-8F34-C61B2EED5C5D}.Release|Any CPU.Build.0 = Release|Any CPU
	EndGlobalSection
EndGlobal
